
Microsoft Visual Studio Solution File, Format Version 12.00
# Visual Studio Version 17
VisualStudioVersion = 17.9.34526.213
MinimumVisualStudioVersion = 10.0.40219.1
Project("{FAE04EC0-301F-11D3-BF4B-00C04F79EFBC}") = "SignalR.Web", "SignalR.Web\SignalR.Web.csproj", "{D913A868-0A95-4A37-90CC-A5E96080B834}"
EndProject
Global
	GlobalSection(SolutionConfigurationPlatforms) = preSolution
		Debug|Any CPU = Debug|Any CPU
		Release|Any CPU = Release|Any CPU
	EndGlobalSection
	GlobalSection(ProjectConfigurationPlatforms) = postSolution
		{D913A868-0A95-4A37-90CC-A5E96080B834}.Debug|Any CPU.ActiveCfg = Debug|Any CPU
		{D913A868-0A95-4A37-90CC-A5E96080B834}.Debug|Any CPU.Build.0 = Debug|Any CPU
		{D913A868-0A95-4A37-90CC-A5E96080B834}.Release|Any CPU.ActiveCfg = Release|Any CPU
		{D913A868-0A95-4A37-90CC-A5E96080B834}.Release|Any CPU.Build.0 = Release|Any CPU
	EndGlobalSection
	GlobalSection(SolutionProperties) = preSolution
		HideSolutionNode = FALSE
	EndGlobalSection
	GlobalSection(ExtensibilityGlobals) = postSolution
		SolutionGuid = {FF3F7923-A92E-4916-99BA-55D57CB5318C}
	EndGlobalSection
EndGlobal
